
Microsoft Visual Studio Solution File, Format Version 12.00
# Visual Studio Version 17
VisualStudioVersion = 17.14.36811.4 d17.14
MinimumVisualStudioVersion = 10.0.40219.1
Project("{FAE04EC0-301F-11D3-BF4B-00C04F79EFBC}") = "PluxeeAutomation.PlayWright", "PluxeeAutomation.PlayWright\PluxeeAutomation.PlayWright.csproj", "{AE4F324C-7B21-41F2-BC17-1A00EFBF208D}"
EndProject
Global
	GlobalSection(SolutionConfigurationPlatforms) = preSolution
		Debug|Any CPU = Debug|Any CPU
		Release|Any CPU = Release|Any CPU
	EndGlobalSection
	GlobalSection(ProjectConfigurationPlatforms) = postSolution
		{AE4F324C-7B21-41F2-BC17-1A00EFBF208D}.Debug|Any CPU.ActiveCfg = Debug|Any CPU
		{AE4F324C-7B21-41F2-BC17-1A00EFBF208D}.Debug|Any CPU.Build.0 = Debug|Any CPU
		{AE4F324C-7B21-41F2-BC17-1A00EFBF208D}.Release|Any CPU.ActiveCfg = Release|Any CPU
		{AE4F324C-7B21-41F2-BC17-1A00EFBF208D}.Release|Any CPU.Build.0 = Release|Any CPU
	EndGlobalSection
	GlobalSection(SolutionProperties) = preSolution
		HideSolutionNode = FALSE
	EndGlobalSection
	GlobalSection(ExtensibilityGlobals) = postSolution
		SolutionGuid = {10AC3C61-E420-4A09-A0B6-BC60B208FD99}
	EndGlobalSection
EndGlobal
